
Microsoft Visual Studio Solution File, Format Version 12.00
# Visual Studio Version 17
VisualStudioVersion = 17.7.34031.279
MinimumVisualStudioVersion = 10.0.40219.1
Project("{FAE04EC0-301F-11D3-BF4B-00C04F79EFBC}") = "miejscaZerowe", "miejscaZerowe\miejscaZerowe.csproj", "{57FF72B7-7567-4C84-B1A5-6675A0DBAC17}"
EndProject
Global
	GlobalSection(SolutionConfigurationPlatforms) = preSolution
		Debug|Any CPU = Debug|Any CPU
		Release|Any CPU = Release|Any CPU
	EndGlobalSection
	GlobalSection(ProjectConfigurationPlatforms) = postSolution
		{57FF72B7-7567-4C84-B1A5-6675A0DBAC17}.Debug|Any CPU.ActiveCfg = Debug|Any CPU
		{57FF72B7-7567-4C84-B1A5-6675A0DBAC17}.Debug|Any CPU.Build.0 = Debug|Any CPU
		{57FF72B7-7567-4C84-B1A5-6675A0DBAC17}.Release|Any CPU.ActiveCfg = Release|Any CPU
		{57FF72B7-7567-4C84-B1A5-6675A0DBAC17}.Release|Any CPU.Build.0 = Release|Any CPU
	EndGlobalSection
	GlobalSection(SolutionProperties) = preSolution
		HideSolutionNode = FALSE
	EndGlobalSection
	GlobalSection(ExtensibilityGlobals) = postSolution
		SolutionGuid = {E510AE69-803E-47EC-A65D-477D84F14289}
	EndGlobalSection
EndGlobal
